
Microsoft Visual Studio Solution File, Format Version 12.00
# Visual Studio 2013
VisualStudioVersion = 12.0.31101.0
MinimumVisualStudioVersion = 10.0.40219.1
Project("{FAE04EC0-301F-11D3-BF4B-00C04F79EFBC}") = "XCLNetCheckBox", "XCLNetCheckBox\XCLNetCheckBox.csproj", "{A384B9E4-40A4-450D-BEAD-6A73E901C8ED}"
EndProject
Project("{FAE04EC0-301F-11D3-BF4B-00C04F79EFBC}") = "TestWeb", "TestWeb\TestWeb.csproj", "{ECB54F41-D129-478C-8E9D-683905286592}"
EndProject
Global
	GlobalSection(SolutionConfigurationPlatforms) = preSolution
		Debug|Any CPU = Debug|Any CPU
		Release|Any CPU = Release|Any CPU
	EndGlobalSection
	GlobalSection(ProjectConfigurationPlatforms) = postSolution
		{A384B9E4-40A4-450D-BEAD-6A73E901C8ED}.Debug|Any CPU.ActiveCfg = Debug|Any CPU
		{A384B9E4-40A4-450D-BEAD-6A73E901C8ED}.Debug|Any CPU.Build.0 = Debug|Any CPU
		{A384B9E4-40A4-450D-BEAD-6A73E901C8ED}.Release|Any CPU.ActiveCfg = Release|Any CPU
		{A384B9E4-40A4-450D-BEAD-6A73E901C8ED}.Release|Any CPU.Build.0 = Release|Any CPU
		{ECB54F41-D129-478C-8E9D-683905286592}.Debug|Any CPU.ActiveCfg = Debug|Any CPU
		{ECB54F41-D129-478C-8E9D-683905286592}.Debug|Any CPU.Build.0 = Debug|Any CPU
		{ECB54F41-D129-478C-8E9D-683905286592}.Release|Any CPU.ActiveCfg = Release|Any CPU
		{ECB54F41-D129-478C-8E9D-683905286592}.Release|Any CPU.Build.0 = Release|Any CPU
	EndGlobalSection
	GlobalSection(SolutionProperties) = preSolution
		HideSolutionNode = FALSE
	EndGlobalSection
EndGlobal
